
Microsoft Visual Studio Solution File, Format Version 12.00
# Visual Studio Version 16
VisualStudioVersion = 16.0.32428.217
MinimumVisualStudioVersion = 10.0.40219.1
Project("{FAE04EC0-301F-11D3-BF4B-00C04F79EFBC}") = "NFCWebApi", "NFCWebApi\NFCWebApi.csproj", "{B21D6829-9210-4926-AA9E-F4FAAE4EC28F}"
EndProject
Global
	GlobalSection(SolutionConfigurationPlatforms) = preSolution
		Debug|Any CPU = Debug|Any CPU
		Release|Any CPU = Release|Any CPU
	EndGlobalSection
	GlobalSection(ProjectConfigurationPlatforms) = postSolution
		{B21D6829-9210-4926-AA9E-F4FAAE4EC28F}.Debug|Any CPU.ActiveCfg = Debug|Any CPU
		{B21D6829-9210-4926-AA9E-F4FAAE4EC28F}.Debug|Any CPU.Build.0 = Debug|Any CPU
		{B21D6829-9210-4926-AA9E-F4FAAE4EC28F}.Release|Any CPU.ActiveCfg = Release|Any CPU
		{B21D6829-9210-4926-AA9E-F4FAAE4EC28F}.Release|Any CPU.Build.0 = Release|Any CPU
	EndGlobalSection
	GlobalSection(SolutionProperties) = preSolution
		HideSolutionNode = FALSE
	EndGlobalSection
	GlobalSection(ExtensibilityGlobals) = postSolution
		SolutionGuid = {F4D99369-D3A2-4C46-AB2E-A9CB7753E8AC}
	EndGlobalSection
EndGlobal
